{
    "_readme": [
        "This file locks the dependencies of your project to a known state",
        "Read more about it at https://getcomposer.org/doc/01-basic-usage.md#composer-lock-the-lock-file",
        "This file is @generated automatically"
    ],
    "content-hash": "434a557f002f154cabb3f1b9de5ae43c",
    "packages": [
        {
            "name": "composer/ca-bundle",
            "version": "dev-master",
            "source": {
                "type": "git",
                "url": "https://github.com/composer/ca-bundle.git",
                "reference": "95c63ab2117a72f48f5a55da9740a3273d45b7fd"
            },
            "dist": {
                "type": "zip",
                "url": "https://api.github.com/repos/composer/ca-bundle/zipball/95c63ab2117a72f48f5a55da9740a3273d45b7fd",
                "reference": "95c63ab2117a72f48f5a55da9740a3273d45b7fd",
                "shasum": ""
            },
            "require": {
                "ext-openssl": "*",
                "ext-pcre": "*",
                "php": "^5.3.2 || ^7.0 || ^8.0"
            },
            "require-dev": {
                "phpunit/phpunit": "^4.8.35 || ^5.7 || 6.5 - 8",
                "psr/log": "^1.0",
                "symfony/process": "^2.5 || ^3.0 || ^4.0 || ^5.0"
            },
            "type": "library",
            "extra": {
                "branch-alias": {
                    "dev-master": "1.x-dev"
                }
            },
            "autoload": {
                "psr-4": {
                    "Composer\\CaBundle\\": "src"
                }
            },
            "notification-url": "https://packagist.org/downloads/",
            "license": [
                "MIT"
            ],
            "authors": [
                {
                    "name": "Jordi Boggiano",
                    "email": "j.boggiano@seld.be",
                    "homepage": "http://seld.be"
                }
            ],
            "description": "Lets you find a path to the system CA bundle, and includes a fallback to the Mozilla CA bundle.",
            "keywords": [
                "cabundle",
                "cacert",
                "certificate",
                "ssl",
                "tls"
            ],
            "time": "2020-04-08T08:27:21+00:00"
        },
        {
            "name": "duzun/hquery",
            "version": "dev-master",
            "source": {
                "type": "git",
                "url": "https://github.com/duzun/hQuery.php.git",
                "reference": "6f5fb5a82284263a522973d56ab79085c857d07a"
            },
            "dist": {
                "type": "zip",
                "url": "https://api.github.com/repos/duzun/hQuery.php/zipball/6f5fb5a82284263a522973d56ab79085c857d07a",
                "reference": "6f5fb5a82284263a522973d56ab79085c857d07a",
                "shasum": ""
            },
            "require": {
                "php": ">=5.3"
            },
            "require-dev": {
                "symfony/css-selector": "*",
                "symfony/dom-crawler": "*"
            },
            "suggest": {
                "php-http/discovery": "Might be required by hQuery::sendRequest()",
                "php-http/message": "Might be required by hQuery::fromHTML($message) or hQuery::fromURL()",
                "php-http/socket-client": "Could be used to make HTTP requests before calling hQuery::fromHTML($message)"
            },
            "type": "library",
            "extra": {
                "apigen/apigen": "*",
                "php-http/mock-client": "*",
                "php-http/discovery": "*",
                "guzzlehttp/psr7": "*"
            },
            "autoload": {
                "psr-4": {
                    "duzun\\": "src/"
                },
                "psr-0": {
                    "hQuery": "src/"
                },
                "classmap": [
                    "hquery.php"
                ]
            },
            "notification-url": "https://packagist.org/downloads/",
            "license": [
                "MIT"
            ],
            "authors": [
                {
                    "name": "Dumitru Uzun",
                    "email": "contact@duzun.me",
                    "homepage": "https://DUzun.Me",
                    "role": "Author"
                }
            ],
            "description": "An extremely fast web scraper that parses megabytes of HTML in a blink of an eye. No dependencies. PHP5+",
            "homepage": "https://duzun.me/playground/hquery",
            "keywords": [
                "crawling",
                "html",
                "php",
                "scraper",
                "scraping",
                "web",
                "xhtml",
                "xml"
            ],
            "time": "2019-11-03T00:54:34+00:00"
        },
        {
            "name": "embed/embed",
            "version": "dev-master",
            "source": {
                "type": "git",
                "url": "https://github.com/oscarotero/Embed.git",
                "reference": "420946c45f49ffadae099e124fccdf3d6a9615db"
            },
            "dist": {
                "type": "zip",
                "url": "https://api.github.com/repos/oscarotero/Embed/zipball/420946c45f49ffadae099e124fccdf3d6a9615db",
                "reference": "420946c45f49ffadae099e124fccdf3d6a9615db",
                "shasum": ""
            },
            "require": {
                "composer/ca-bundle": "^1.0",
                "ext-curl": "*",
                "ext-dom": "*",
                "ext-mbstring": "*",
                "ml/json-ld": "^1.1",
                "oscarotero/html-parser": "^0.1.4",
                "php": "^7.4",
                "psr/http-client": "^1.0",
                "psr/http-factory": "^1.0",
                "psr/http-message": "^1.0"
            },
            "require-dev": {
                "brick/varexporter": "^0.3.1",
                "friendsofphp/php-cs-fixer": "^2.0",
                "nyholm/psr7": "^1.2",
                "oscarotero/php-cs-fixer-config": "^1.0",
                "phpunit/phpunit": "^9.0"
            },
            "type": "library",
            "autoload": {
                "psr-4": {
                    "Embed\\": "src"
                },
                "files": [
                    "src/functions.php"
                ]
            },
            "notification-url": "https://packagist.org/downloads/",
            "license": [
                "MIT"
            ],
            "authors": [
                {
                    "name": "Oscar Otero",
                    "email": "oom@oscarotero.com",
                    "homepage": "http://oscarotero.com",
                    "role": "Developer"
                }
            ],
            "description": "PHP library to retrieve page info using oembed, opengraph, etc",
            "homepage": "https://github.com/oscarotero/Embed",
            "keywords": [
                "embed",
                "embedly",
                "oembed",
                "opengraph",
                "twitter cards"
            ],
            "time": "2020-04-12T14:44:10+00:00"
        },
        {
            "name": "essence/dom",
            "version": "1.0.0",
            "source": {
                "type": "git",
                "url": "https://github.com/essence/dom.git",
                "reference": "e5776d2286f4ccbd048d160c28ac77ccc6d68f3a"
            },
            "dist": {
                "type": "zip",
                "url": "https://api.github.com/repos/essence/dom/zipball/e5776d2286f4ccbd048d160c28ac77ccc6d68f3a",
                "reference": "e5776d2286f4ccbd048d160c28ac77ccc6d68f3a",
                "shasum": ""
            },
            "type": "library",
            "autoload": {
                "psr-4": {
                    "Essence\\Dom\\": "src"
                }
            },
            "notification-url": "https://packagist.org/downloads/",
            "license": [
                "MIT"
            ],
            "authors": [
                {
                    "name": "Félix Girault",
                    "email": "felix.girault@gmail.com",
                    "homepage": "http://www.felix-girault.fr",
                    "role": "Developer"
                }
            ],
            "description": "Essence's DOM parser.",
            "homepage": "http://github.com/essence/dom",
            "keywords": [
                "dom",
                "parser"
            ],
            "time": "2015-07-23T20:33:17+00:00"
        },
        {
            "name": "essence/essence",
            "version": "dev-master",
            "source": {
                "type": "git",
                "url": "https://github.com/essence/essence.git",
                "reference": "bb3d44f44c66b5328ec2572b67d876acb8c607ab"
            },
            "dist": {
                "type": "zip",
                "url": "https://api.github.com/repos/essence/essence/zipball/bb3d44f44c66b5328ec2572b67d876acb8c607ab",
                "reference": "bb3d44f44c66b5328ec2572b67d876acb8c607ab",
                "shasum": ""
            },
            "require": {
                "essence/dom": "~1.0.0",
                "essence/http": "~1.0.0",
                "fg/parkour": "~1.1.0",
                "php": ">=5.5.0"
            },
            "suggest": {
                "ext-curl": "*"
            },
            "type": "library",
            "autoload": {
                "psr-4": {
                    "Essence\\": "lib/Essence"
                }
            },
            "notification-url": "https://packagist.org/downloads/",
            "license": [
                "BSD-2-Clause"
            ],
            "authors": [
                {
                    "name": "Félix Girault",
                    "email": "felix.girault@gmail.com",
                    "homepage": "http://www.felix-girault.fr",
                    "role": "Developer"
                }
            ],
            "description": "Extracts information about medias on the web, like youtube videos, twitter statuses or blog articles.",
            "homepage": "http://github.com/essence/essence",
            "keywords": [
                "embed",
                "media",
                "oembed",
                "opengraph"
            ],
            "time": "2019-01-23T09:15:03+00:00"
        },
        {
            "name": "essence/http",
            "version": "1.0.0",
            "source": {
                "type": "git",
                "url": "https://github.com/essence/http.git",
                "reference": "ce0e52e0c0f2ed894ce2922ab2fd598dcaac91d2"
            },
            "dist": {
                "type": "zip",
                "url": "https://api.github.com/repos/essence/http/zipball/ce0e52e0c0f2ed894ce2922ab2fd598dcaac91d2",
                "reference": "ce0e52e0c0f2ed894ce2922ab2fd598dcaac91d2",
                "shasum": ""
            },
            "suggest": {
                "ext-curl": "*"
            },
            "type": "library",
            "autoload": {
                "psr-4": {
                    "Essence\\Http\\": "src"
                }
            },
            "notification-url": "https://packagist.org/downloads/",
            "license": [
                "MIT"
            ],
            "authors": [
                {
                    "name": "Félix Girault",
                    "email": "felix.girault@gmail.com",
                    "homepage": "http://www.felix-girault.fr",
                    "role": "Developer"
                }
            ],
            "description": "Essence's HTTP client.",
            "homepage": "http://github.com/essence/http",
            "keywords": [
                "client",
                "http"
            ],
            "time": "2015-07-23T20:33:50+00:00"
        },
        {
            "name": "fg/multiplayer",
            "version": "dev-master",
            "source": {
                "type": "git",
                "url": "https://github.com/felixgirault/multiplayer.git",
                "reference": "c9885b595316199295b27cdab237830d24f723a6"
            },
            "dist": {
                "type": "zip",
                "url": "https://api.github.com/repos/felixgirault/multiplayer/zipball/c9885b595316199295b27cdab237830d24f723a6",
                "reference": "c9885b595316199295b27cdab237830d24f723a6",
                "shasum": ""
            },
            "require": {
                "php": ">=5.4.0"
            },
            "type": "library",
            "autoload": {
                "psr-0": {
                    "Multiplayer": "lib/"
                }
            },
            "notification-url": "https://packagist.org/downloads/",
            "authors": [
                {
                    "name": "Félix Girault",
                    "email": "felix.girault@gmail.com",
                    "homepage": "http://www.felix-girault.fr",
                    "role": "Developer"
                }
            ],
            "description": "Builds customizable video embed codes from any URL.",
            "homepage": "http://github.com/felixgirault/multiplayer",
            "keywords": [
                "embed",
                "html",
                "media",
                "player",
                "video"
            ],
            "time": "2019-03-13T10:34:44+00:00"
        },
        {
            "name": "fg/parkour",
            "version": "1.1.1",
            "source": {
                "type": "git",
                "url": "https://github.com/felixgirault/parkour.git",
                "reference": "f837eb640fc4aac81b11fe50d2fa04fb4ec71496"
            },
            "dist": {
                "type": "zip",
                "url": "https://api.github.com/repos/felixgirault/parkour/zipball/f837eb640fc4aac81b11fe50d2fa04fb4ec71496",
                "reference": "f837eb640fc4aac81b11fe50d2fa04fb4ec71496",
                "shasum": ""
            },
            "require": {
                "php": ">=5.5.0"
            },
            "require-dev": {
                "phpunit/phpunit": "4.3.*"
            },
            "type": "library",
            "autoload": {
                "psr-4": {
                    "Parkour\\": "lib"
                }
            },
            "notification-url": "https://packagist.org/downloads/",
            "license": [
                "BSD-2-Clause"
            ],
            "authors": [
                {
                    "name": "Félix Girault",
                    "email": "felix.girault@gmail.com",
                    "homepage": "http://www.felix-girault.fr",
                    "role": "Developer"
                }
            ],
            "description": "A collection of utilities to manipulate arrays.",
            "homepage": "http://github.com/felixgirault/parkour",
            "keywords": [
                "array",
                "manipulation",
                "traversing"
            ],
            "time": "2015-10-03T10:39:22+00:00"
        },
        {
            "name": "misd/linkify",
            "version": "dev-master",
            "source": {
                "type": "git",
                "url": "https://github.com/misd-service-development/php-linkify.git",
                "reference": "3481b148806a23b4001712de645247a1a4dcc10a"
            },
            "dist": {
                "type": "zip",
                "url": "https://api.github.com/repos/misd-service-development/php-linkify/zipball/3481b148806a23b4001712de645247a1a4dcc10a",
                "reference": "3481b148806a23b4001712de645247a1a4dcc10a",
                "shasum": ""
            },
            "require": {
                "php": ">=5.3.0"
            },
            "require-dev": {
                "phpunit/phpunit": "^4.0 || ^5.0"
            },
            "type": "library",
            "extra": {
                "branch-alias": {
                    "dev-master": "1.1.x-dev"
                }
            },
            "autoload": {
                "psr-4": {
                    "Misd\\Linkify\\": "src/Misd/Linkify"
                }
            },
            "notification-url": "https://packagist.org/downloads/",
            "license": [
                "MIT"
            ],
            "description": "Converts URLs and email addresses in text into HTML links",
            "homepage": "https://github.com/misd-service-development/php-linkify",
            "keywords": [
                "convert",
                "email address",
                "link",
                "url"
            ],
            "time": "2017-08-17T08:33:35+00:00"
        },
        {
            "name": "ml/iri",
            "version": "1.1.4",
            "target-dir": "ML/IRI",
            "source": {
                "type": "git",
                "url": "https://github.com/lanthaler/IRI.git",
                "reference": "cbd44fa913e00ea624241b38cefaa99da8d71341"
            },
            "dist": {
                "type": "zip",
                "url": "https://api.github.com/repos/lanthaler/IRI/zipball/cbd44fa913e00ea624241b38cefaa99da8d71341",
                "reference": "cbd44fa913e00ea624241b38cefaa99da8d71341",
                "shasum": ""
            },
            "require": {
                "lib-pcre": ">=4.0",
                "php": ">=5.3.0"
            },
            "type": "library",
            "autoload": {
                "psr-0": {
                    "ML\\IRI": ""
                }
            },
            "notification-url": "https://packagist.org/downloads/",
            "license": [
                "MIT"
            ],
            "authors": [
                {
                    "name": "Markus Lanthaler",
                    "email": "mail@markus-lanthaler.com",
                    "homepage": "http://www.markus-lanthaler.com",
                    "role": "Developer"
                }
            ],
            "description": "IRI handling for PHP",
            "homepage": "http://www.markus-lanthaler.com",
            "keywords": [
                "URN",
                "iri",
                "uri",
                "url"
            ],
            "time": "2014-01-21T13:43:39+00:00"
        },
        {
            "name": "ml/json-ld",
            "version": "1.1.0",
            "source": {
                "type": "git",
                "url": "https://github.com/lanthaler/JsonLD.git",
                "reference": "b5f82820c255cb64067b1c7adbb819cad4afa70a"
            },
            "dist": {
                "type": "zip",
                "url": "https://api.github.com/repos/lanthaler/JsonLD/zipball/b5f82820c255cb64067b1c7adbb819cad4afa70a",
                "reference": "b5f82820c255cb64067b1c7adbb819cad4afa70a",
                "shasum": ""
            },
            "require": {
                "ext-json": "*",
                "ml/iri": "^1.1.1",
                "php": ">=5.3.0"
            },
            "require-dev": {
                "json-ld/tests": "1.0",
                "phpunit/phpunit": "^4"
            },
            "type": "library",
            "autoload": {
                "psr-4": {
                    "ML\\JsonLD\\": ""
                }
            },
            "notification-url": "https://packagist.org/downloads/",
            "license": [
                "MIT"
            ],
            "authors": [
                {
                    "name": "Markus Lanthaler",
                    "email": "mail@markus-lanthaler.com",
                    "homepage": "http://www.markus-lanthaler.com",
                    "role": "Developer"
                }
            ],
            "description": "JSON-LD Processor for PHP",
            "homepage": "http://www.markus-lanthaler.com",
            "keywords": [
                "JSON-LD",
                "jsonld"
            ],
            "time": "2018-11-18T20:26:18+00:00"
        },
        {
            "name": "oscarotero/html-parser",
            "version": "v0.1.4",
            "source": {
                "type": "git",
                "url": "https://github.com/oscarotero/html-parser.git",
                "reference": "a41913e5177370e6dd3f3143fc1347814ef07b52"
            },
            "dist": {
                "type": "zip",
                "url": "https://api.github.com/repos/oscarotero/html-parser/zipball/a41913e5177370e6dd3f3143fc1347814ef07b52",
                "reference": "a41913e5177370e6dd3f3143fc1347814ef07b52",
                "shasum": ""
            },
            "require": {
                "php": ">=7.2"
            },
            "require-dev": {
                "friendsofphp/php-cs-fixer": "^2.11",
                "phpunit/phpunit": "^8.0"
            },
            "type": "library",
            "autoload": {
                "psr-4": {
                    "HtmlParser\\": "src"
                }
            },
            "notification-url": "https://packagist.org/downloads/",
            "license": [
                "MIT"
            ],
            "authors": [
                {
                    "name": "Oscar Otero",
                    "email": "oom@oscarotero.com",
                    "homepage": "http://oscarotero.com",
                    "role": "Developer"
                }
            ],
            "description": "Parse html strings to DOMDocument",
            "homepage": "https://github.com/oscarotero/html-parser",
            "keywords": [
                "dom",
                "html",
                "parser"
            ],
            "time": "2019-12-15T18:09:58+00:00"
        },
        {
            "name": "psr/http-client",
            "version": "dev-master",
            "source": {
                "type": "git",
                "url": "https://github.com/php-fig/http-client.git",
                "reference": "fd5d37ae5a76ee3c5301a762faf66bf9519132ef"
            },
            "dist": {
                "type": "zip",
                "url": "https://api.github.com/repos/php-fig/http-client/zipball/fd5d37ae5a76ee3c5301a762faf66bf9519132ef",
                "reference": "fd5d37ae5a76ee3c5301a762faf66bf9519132ef",
                "shasum": ""
            },
            "require": {
                "php": "^7.0",
                "psr/http-message": "^1.0"
            },
            "type": "library",
            "extra": {
                "branch-alias": {
                    "dev-master": "1.0.x-dev"
                }
            },
            "autoload": {
                "psr-4": {
                    "Psr\\Http\\Client\\": "src/"
                }
            },
            "notification-url": "https://packagist.org/downloads/",
            "license": [
                "MIT"
            ],
            "authors": [
                {
                    "name": "PHP-FIG",
                    "homepage": "http://www.php-fig.org/"
                }
            ],
            "description": "Common interface for HTTP clients",
            "homepage": "https://github.com/php-fig/http-client",
            "keywords": [
                "http",
                "http-client",
                "psr",
                "psr-18"
            ],
            "time": "2019-09-04T06:46:09+00:00"
        },
        {
            "name": "psr/http-factory",
            "version": "dev-master",
            "source": {
                "type": "git",
                "url": "https://github.com/php-fig/http-factory.git",
                "reference": "1a2099a23a7bca67f13c0634723137a364a3ebf8"
            },
            "dist": {
                "type": "zip",
                "url": "https://api.github.com/repos/php-fig/http-factory/zipball/1a2099a23a7bca67f13c0634723137a364a3ebf8",
                "reference": "1a2099a23a7bca67f13c0634723137a364a3ebf8",
                "shasum": ""
            },
            "require": {
                "php": ">=7.0.0",
                "psr/http-message": "^1.0"
            },
            "type": "library",
            "extra": {
                "branch-alias": {
                    "dev-master": "1.0.x-dev"
                }
            },
            "autoload": {
                "psr-4": {
                    "Psr\\Http\\Message\\": "src/"
                }
            },
            "notification-url": "https://packagist.org/downloads/",
            "license": [
                "MIT"
            ],
            "authors": [
                {
                    "name": "PHP-FIG",
                    "homepage": "http://www.php-fig.org/"
                }
            ],
            "description": "Common interfaces for PSR-7 HTTP message factories",
            "keywords": [
                "factory",
                "http",
                "message",
                "psr",
                "psr-17",
                "psr-7",
                "request",
                "response"
            ],
            "time": "2019-12-29T01:52:41+00:00"
        },
        {
            "name": "psr/http-message",
            "version": "dev-master",
            "source": {
                "type": "git",
                "url": "https://github.com/php-fig/http-message.git",
                "reference": "efd67d1dc14a7ef4fc4e518e7dee91c271d524e4"
            },
            "dist": {
                "type": "zip",
                "url": "https://api.github.com/repos/php-fig/http-message/zipball/efd67d1dc14a7ef4fc4e518e7dee91c271d524e4",
                "reference": "efd67d1dc14a7ef4fc4e518e7dee91c271d524e4",
                "shasum": ""
            },
            "require": {
                "php": ">=5.3.0"
            },
            "type": "library",
            "extra": {
                "branch-alias": {
                    "dev-master": "1.0.x-dev"
                }
            },
            "autoload": {
                "psr-4": {
                    "Psr\\Http\\Message\\": "src/"
                }
            },
            "notification-url": "https://packagist.org/downloads/",
            "license": [
                "MIT"
            ],
            "authors": [
                {
                    "name": "PHP-FIG",
                    "homepage": "http://www.php-fig.org/"
                }
            ],
            "description": "Common interface for HTTP messages",
            "homepage": "https://github.com/php-fig/http-message",
            "keywords": [
                "http",
                "http-message",
                "psr",
                "psr-7",
                "request",
                "response"
            ],
            "time": "2019-08-29T13:16:46+00:00"
        }
    ],
    "packages-dev": [],
    "aliases": [],
    "minimum-stability": "dev",
    "stability-flags": [],
    "prefer-stable": false,
    "prefer-lowest": false,
    "platform": [],
    "platform-dev": []
}
